PODS:
  - CDAlertView (0.11.0)
  - SkeletonView (1.30.4)

DEPENDENCIES:
  - CDAlertView
  - SkeletonView

SPEC REPOS:
  trunk:
    - CDAlertView
    - SkeletonView

SPEC CHECKSUMS:
  CDAlertView: cd6624e857c85ad14560e2cd23d7eb25b983b590
  SkeletonView: 5a050f6411e697abd4cda0a8d767013399dccd69

PODFILE CHECKSUM: cc291e0ea8056234c6ab86f8528a96980e8e7d2f

COCOAPODS: 1.16.2
