// !$*UTF8*$!
{
	archiveVersion = 1;
	classes = {
	};
	objectVersion = 56;
	objects = {

/* Begin PBXBuildFile section */
		1830F8012E2A1963006CD74C /* AlertView.swift in Sources */ = {isa = PBXBuildFile; fileRef = 1830F7FD2E2A1963006CD74C /* AlertView.swift */; };
		1830F8032E2A1963006CD74C /* ViewController+EXT.swift in Sources */ = {isa = PBXBuildFile; fileRef = 1830F7FF2E2A1963006CD74C /* ViewController+EXT.swift */; };
		1830F8052E2A1A3C006CD74C /* TableView+EXT.swift in Sources */ = {isa = PBXBuildFile; fileRef = 1830F8042E2A1A27006CD74C /* TableView+EXT.swift */; };
		1830F80A2E2A1FFD006CD74C /* UIStoryboard.swift in Sources */ = {isa = PBXBuildFile; fileRef = 1830F8092E2A1FFB006CD74C /* UIStoryboard.swift */; };
		1830F8132E2A23DB006CD74C /* Color+Extention.swift in Sources */ = {isa = PBXBuildFile; fileRef = 1830F8122E2A23D3006CD74C /* Color+Extention.swift */; };
		1830F81D2E2A2B1D006CD74C /* URLs.swift in Sources */ = {isa = PBXBuildFile; fileRef = 1830F81C2E2A2B1D006CD74C /* URLs.swift */; };
		1830F81E2E2A2B1D006CD74C /* ErrorModel.swift in Sources */ = {isa = PBXBuildFile; fileRef = 1830F81A2E2A2B1D006CD74C /* ErrorModel.swift */; };
		1830F81F2E2A2B1D006CD74C /* Request.swift in Sources */ = {isa = PBXBuildFile; fileRef = 1830F81B2E2A2B1D006CD74C /* Request.swift */; };
		1830F82A2E2A32C6006CD74C /* Media.xcassets in Resources */ = {isa = PBXBuildFile; fileRef = 1830F8292E2A32C6006CD74C /* Media.xcassets */; };
		1830F82E2E2A35C3006CD74C /* Assets.xcassets in Resources */ = {isa = PBXBuildFile; fileRef = 1830F82D2E2A35C3006CD74C /* Assets.xcassets */; };
		18C9BF212E29144400DA454D /* AppDelegate.swift in Sources */ = {isa = PBXBuildFile; fileRef = 18C9BF202E29144400DA454D /* AppDelegate.swift */; };
		18C9BF232E29144400DA454D /* SceneDelegate.swift in Sources */ = {isa = PBXBuildFile; fileRef = 18C9BF222E29144400DA454D /* SceneDelegate.swift */; };
		18C9BF252E29144400DA454D /* ViewController.swift in Sources */ = {isa = PBXBuildFile; fileRef = 18C9BF242E29144400DA454D /* ViewController.swift */; };
		18C9BF282E29144400DA454D /* Base in Resources */ = {isa = PBXBuildFile; fileRef = 18C9BF272E29144400DA454D /* Base */; };
		18C9BF2D2E29144500DA454D /* Base in Resources */ = {isa = PBXBuildFile; fileRef = 18C9BF2C2E29144500DA454D /* Base */; };
		18C9BF382E29144600DA454D /* BrandyTests.swift in Sources */ = {isa = PBXBuildFile; fileRef = 18C9BF372E29144600DA454D /* BrandyTests.swift */; };
		18C9BF422E29144600DA454D /* BrandyUITests.swift in Sources */ = {isa = PBXBuildFile; fileRef = 18C9BF412E29144600DA454D /* BrandyUITests.swift */; };
		18C9BF442E29144600DA454D /* BrandyUITestsLaunchTests.swift in Sources */ = {isa = PBXBuildFile; fileRef = 18C9BF432E29144600DA454D /* BrandyUITestsLaunchTests.swift */; };
		18C9BF522E29157100DA454D /* SDWebImage in Frameworks */ = {isa = PBXBuildFile; productRef = 18C9BF512E29157100DA454D /* SDWebImage */; };
		18C9BF552E29158B00DA454D /* Alamofire in Frameworks */ = {isa = PBXBuildFile; productRef = 18C9BF542E29158B00DA454D /* Alamofire */; };
		42CCA59E8D8B84F07FBA196C /* Pods_Brandy_BrandyUITests.framework in Frameworks */ = {isa = PBXBuildFile; fileRef = 924C9F2EFE7E6BF77D1A5FC6 /* Pods_Brandy_BrandyUITests.framework */; };
		7A622BBBD9E3EBA4FB7F2886 /* Pods_Brandy.framework in Frameworks */ = {isa = PBXBuildFile; fileRef = 9358EFB61A92A38E31DD47FB /* Pods_Brandy.framework */; };
		A2DD219BECE4677D0BB79392 /* Pods_BrandyTests.framework in Frameworks */ = {isa = PBXBuildFile; fileRef = 0731EFF94C60A73F8319F506 /* Pods_BrandyTests.framework */; };
/* End PBXBuildFile section */

/* Begin PBXContainerItemProxy section */
		18C9BF342E29144600DA454D /* PBXContainerItemProxy */ = {
			isa = PBXContainerItemProxy;
			containerPortal = 18C9BF152E29144300DA454D /* Project object */;
			proxyType = 1;
			remoteGlobalIDString = 18C9BF1C2E29144300DA454D;
			remoteInfo = Brandy;
		};
		18C9BF3E2E29144600DA454D /* PBXContainerItemProxy */ = {
			isa = PBXContainerItemProxy;
			containerPortal = 18C9BF152E29144300DA454D /* Project object */;
			proxyType = 1;
			remoteGlobalIDString = 18C9BF1C2E29144300DA454D;
			remoteInfo = Brandy;
		};
/* End PBXContainerItemProxy section */

/* Begin PBXFileReference section */
		0731EFF94C60A73F8319F506 /* Pods_BrandyTests.framework */ = {isa = PBXFileReference; explicitFileType = wrapper.framework; includeInIndex = 0; path = Pods_BrandyTests.framework; sourceTree = BUILT_PRODUCTS_DIR; };
		0DE3C7AC44E003E86D55E84F /* Pods-Brandy.debug.xcconfig */ = {isa = PBXFileReference; includeInIndex = 1; lastKnownFileType = text.xcconfig; name = "Pods-Brandy.debug.xcconfig"; path = "Target Support Files/Pods-Brandy/Pods-Brandy.debug.xcconfig"; sourceTree = "<group>"; };
		1830F7FD2E2A1963006CD74C /* AlertView.swift */ = {isa = PBXFileReference; lastKnownFileType = sourcecode.swift; path = AlertView.swift; sourceTree = "<group>"; };
		1830F7FF2E2A1963006CD74C /* ViewController+EXT.swift */ = {isa = PBXFileReference; lastKnownFileType = sourcecode.swift; path = "ViewController+EXT.swift"; sourceTree = "<group>"; };
		1830F8042E2A1A27006CD74C /* TableView+EXT.swift */ = {isa = PBXFileReference; lastKnownFileType = sourcecode.swift; path = "TableView+EXT.swift"; sourceTree = "<group>"; };
		1830F8092E2A1FFB006CD74C /* UIStoryboard.swift */ = {isa = PBXFileReference; lastKnownFileType = sourcecode.swift; path = UIStoryboard.swift; sourceTree = "<group>"; };
		1830F8122E2A23D3006CD74C /* Color+Extention.swift */ = {isa = PBXFileReference; lastKnownFileType = sourcecode.swift; path = "Color+Extention.swift"; sourceTree = "<group>"; };
		1830F81A2E2A2B1D006CD74C /* ErrorModel.swift */ = {isa = PBXFileReference; lastKnownFileType = sourcecode.swift; path = ErrorModel.swift; sourceTree = "<group>"; };
		1830F81B2E2A2B1D006CD74C /* Request.swift */ = {isa = PBXFileReference; lastKnownFileType = sourcecode.swift; path = Request.swift; sourceTree = "<group>"; };
		1830F81C2E2A2B1D006CD74C /* URLs.swift */ = {isa = PBXFileReference; lastKnownFileType = sourcecode.swift; path = URLs.swift; sourceTree = "<group>"; };
		1830F8292E2A32C6006CD74C /* Media.xcassets */ = {isa = PBXFileReference; lastKnownFileType = folder.assetcatalog; path = Media.xcassets; sourceTree = "<group>"; };
		1830F82D2E2A35C3006CD74C /* Assets.xcassets */ = {isa = PBXFileReference; lastKnownFileType = folder.assetcatalog; path = Assets.xcassets; sourceTree = "<group>"; };
		18C9BF1D2E29144300DA454D /* Brandy.app */ = {isa = PBXFileReference; explicitFileType = wrapper.application; includeInIndex = 0; path = Brandy.app; sourceTree = BUILT_PRODUCTS_DIR; };
		18C9BF202E29144400DA454D /* AppDelegate.swift */ = {isa = PBXFileReference; lastKnownFileType = sourcecode.swift; path = AppDelegate.swift; sourceTree = "<group>"; };
		18C9BF222E29144400DA454D /* SceneDelegate.swift */ = {isa = PBXFileReference; lastKnownFileType = sourcecode.swift; path = SceneDelegate.swift; sourceTree = "<group>"; };
		18C9BF242E29144400DA454D /* ViewController.swift */ = {isa = PBXFileReference; lastKnownFileType = sourcecode.swift; path = ViewController.swift; sourceTree = "<group>"; };
		18C9BF272E29144400DA454D /* Base */ = {isa = PBXFileReference; lastKnownFileType = file.storyboard; name = Base; path = Base.lproj/Main.storyboard; sourceTree = "<group>"; };
		18C9BF2C2E29144500DA454D /* Base */ = {isa = PBXFileReference; lastKnownFileType = file.storyboard; name = Base; path = Base.lproj/LaunchScreen.storyboard; sourceTree = "<group>"; };
		18C9BF2E2E29144500DA454D /* Info.plist */ = {isa = PBXFileReference; lastKnownFileType = text.plist.xml; path = Info.plist; sourceTree = "<group>"; };
		18C9BF332E29144600DA454D /* BrandyTests.xctest */ = {isa = PBXFileReference; explicitFileType = wrapper.cfbundle; includeInIndex = 0; path = BrandyTests.xctest; sourceTree = BUILT_PRODUCTS_DIR; };
		18C9BF372E29144600DA454D /* BrandyTests.swift */ = {isa = PBXFileReference; lastKnownFileType = sourcecode.swift; path = BrandyTests.swift; sourceTree = "<group>"; };
		18C9BF3D2E29144600DA454D /* BrandyUITests.xctest */ = {isa = PBXFileReference; explicitFileType = wrapper.cfbundle; includeInIndex = 0; path = BrandyUITests.xctest; sourceTree = BUILT_PRODUCTS_DIR; };
		18C9BF412E29144600DA454D /* BrandyUITests.swift */ = {isa = PBXFileReference; lastKnownFileType = sourcecode.swift; path = BrandyUITests.swift; sourceTree = "<group>"; };
		18C9BF432E29144600DA454D /* BrandyUITestsLaunchTests.swift */ = {isa = PBXFileReference; lastKnownFileType = sourcecode.swift; path = BrandyUITestsLaunchTests.swift; sourceTree = "<group>"; };
		2A92ECC290895EC7896F774F /* Pods-Brandy-BrandyUITests.debug.xcconfig */ = {isa = PBXFileReference; includeInIndex = 1; lastKnownFileType = text.xcconfig; name = "Pods-Brandy-BrandyUITests.debug.xcconfig"; path = "Target Support Files/Pods-Brandy-BrandyUITests/Pods-Brandy-BrandyUITests.debug.xcconfig"; sourceTree = "<group>"; };
		4D6458FF65FE09985D608558 /* Pods-BrandyTests.debug.xcconfig */ = {isa = PBXFileReference; includeInIndex = 1; lastKnownFileType = text.xcconfig; name = "Pods-BrandyTests.debug.xcconfig"; path = "Target Support Files/Pods-BrandyTests/Pods-BrandyTests.debug.xcconfig"; sourceTree = "<group>"; };
		6A01064B709956F2EE6F951B /* Pods-Brandy-BrandyUITests.release.xcconfig */ = {isa = PBXFileReference; includeInIndex = 1; lastKnownFileType = text.xcconfig; name = "Pods-Brandy-BrandyUITests.release.xcconfig"; path = "Target Support Files/Pods-Brandy-BrandyUITests/Pods-Brandy-BrandyUITests.release.xcconfig"; sourceTree = "<group>"; };
		924C9F2EFE7E6BF77D1A5FC6 /* Pods_Brandy_BrandyUITests.framework */ = {isa = PBXFileReference; explicitFileType = wrapper.framework; includeInIndex = 0; path = Pods_Brandy_BrandyUITests.framework; sourceTree = BUILT_PRODUCTS_DIR; };
		9358EFB61A92A38E31DD47FB /* Pods_Brandy.framework */ = {isa = PBXFileReference; explicitFileType = wrapper.framework; includeInIndex = 0; path = Pods_Brandy.framework; sourceTree = BUILT_PRODUCTS_DIR; };
		CFE9BF8D96955CA0C69DC5D1 /* Pods-Brandy.release.xcconfig */ = {isa = PBXFileReference; includeInIndex = 1; lastKnownFileType = text.xcconfig; name = "Pods-Brandy.release.xcconfig"; path = "Target Support Files/Pods-Brandy/Pods-Brandy.release.xcconfig"; sourceTree = "<group>"; };
		FAE6FCA9D50BFE46AC01CC70 /* Pods-BrandyTests.release.xcconfig */ = {isa = PBXFileReference; includeInIndex = 1; lastKnownFileType = text.xcconfig; name = "Pods-BrandyTests.release.xcconfig"; path = "Target Support Files/Pods-BrandyTests/Pods-BrandyTests.release.xcconfig"; sourceTree = "<group>"; };
/* End PBXFileReference section */

/* Begin PBXFrameworksBuildPhase section */
		18C9BF1A2E29144300DA454D /* Frameworks */ = {
			isa = PBXFrameworksBuildPhase;
			buildActionMask = 2147483647;
			files = (
				18C9BF552E29158B00DA454D /* Alamofire in Frameworks */,
				18C9BF522E29157100DA454D /* SDWebImage in Frameworks */,
				7A622BBBD9E3EBA4FB7F2886 /* Pods_Brandy.framework in Frameworks */,
			);
			runOnlyForDeploymentPostprocessing = 0;
		};
		18C9BF302E29144600DA454D /* Frameworks */ = {
			isa = PBXFrameworksBuildPhase;
			buildActionMask = 2147483647;
			files = (
				A2DD219BECE4677D0BB79392 /* Pods_BrandyTests.framework in Frameworks */,
			);
			runOnlyForDeploymentPostprocessing = 0;
		};
		18C9BF3A2E29144600DA454D /* Frameworks */ = {
			isa = PBXFrameworksBuildPhase;
			buildActionMask = 2147483647;
			files = (
				42CCA59E8D8B84F07FBA196C /* Pods_Brandy_BrandyUITests.framework in Frameworks */,
			);
			runOnlyForDeploymentPostprocessing = 0;
		};
/* End PBXFrameworksBuildPhase section */

/* Begin PBXGroup section */
		1830F7FA2E2A1867006CD74C /* Helper */ = {
			isa = PBXGroup;
			children = (
				1830F7FE2E2A1963006CD74C /* Alerts */,
				1830F8002E2A1963006CD74C /* Extensions */,
			);
			path = Helper;
			sourceTree = "<group>";
		};
		1830F7FE2E2A1963006CD74C /* Alerts */ = {
			isa = PBXGroup;
			children = (
				1830F7FD2E2A1963006CD74C /* AlertView.swift */,
			);
			path = Alerts;
			sourceTree = "<group>";
		};
		1830F8002E2A1963006CD74C /* Extensions */ = {
			isa = PBXGroup;
			children = (
				1830F8122E2A23D3006CD74C /* Color+Extention.swift */,
				1830F7FF2E2A1963006CD74C /* ViewController+EXT.swift */,
				1830F8042E2A1A27006CD74C /* TableView+EXT.swift */,
				1830F8092E2A1FFB006CD74C /* UIStoryboard.swift */,
			);
			path = Extensions;
			sourceTree = "<group>";
		};
		1830F8062E2A1BCF006CD74C /* Scenes */ = {
			isa = PBXGroup;
			children = (
				1830F80C2E2A20BA006CD74C /* ProductDetailsScreen */,
				1830F8082E2A1C1A006CD74C /* HomeScreen */,
				1830F8072E2A1BD8006CD74C /* LaunchScreen */,
			);
			path = Scenes;
			sourceTree = "<group>";
		};
		1830F8072E2A1BD8006CD74C /* LaunchScreen */ = {
			isa = PBXGroup;
			children = (
				18C9BF2B2E29144500DA454D /* LaunchScreen.storyboard */,
			);
			path = LaunchScreen;
			sourceTree = "<group>";
		};
		1830F8082E2A1C1A006CD74C /* HomeScreen */ = {
			isa = PBXGroup;
			children = (
				1830F8182E2A2A5D006CD74C /* ViewModel */,
				1830F8172E2A2A55006CD74C /* View */,
				1830F8162E2A2A48006CD74C /* Model */,
			);
			path = HomeScreen;
			sourceTree = "<group>";
		};
		1830F80B2E2A209E006CD74C /* Base */ = {
			isa = PBXGroup;
			children = (
				18C9BF202E29144400DA454D /* AppDelegate.swift */,
				18C9BF222E29144400DA454D /* SceneDelegate.swift */,
			);
			path = Base;
			sourceTree = "<group>";
		};
		1830F80C2E2A20BA006CD74C /* ProductDetailsScreen */ = {
			isa = PBXGroup;
			children = (
			);
			path = ProductDetailsScreen;
			sourceTree = "<group>";
		};
		1830F8162E2A2A48006CD74C /* Model */ = {
			isa = PBXGroup;
			children = (
			);
			path = Model;
			sourceTree = "<group>";
		};
		1830F8172E2A2A55006CD74C /* View */ = {
			isa = PBXGroup;
			children = (
				1830F8262E2A3276006CD74C /* Cell */,
				1830F8272E2A3276006CD74C /* Controller */,
				1830F8282E2A3276006CD74C /* Storyboard */,
			);
			path = View;
			sourceTree = "<group>";
		};
		1830F8182E2A2A5D006CD74C /* ViewModel */ = {
			isa = PBXGroup;
			children = (
			);
			path = ViewModel;
			sourceTree = "<group>";
		};
		1830F8192E2A2A8C006CD74C /* NetworkLayer */ = {
			isa = PBXGroup;
			children = (
				1830F81A2E2A2B1D006CD74C /* ErrorModel.swift */,
				1830F81B2E2A2B1D006CD74C /* Request.swift */,
				1830F81C2E2A2B1D006CD74C /* URLs.swift */,
			);
			path = NetworkLayer;
			sourceTree = "<group>";
		};
		1830F8262E2A3276006CD74C /* Cell */ = {
			isa = PBXGroup;
			children = (
			);
			path = Cell;
			sourceTree = "<group>";
		};
		1830F8272E2A3276006CD74C /* Controller */ = {
			isa = PBXGroup;
			children = (
				18C9BF242E29144400DA454D /* ViewController.swift */,
			);
			path = Controller;
			sourceTree = "<group>";
		};
		1830F8282E2A3276006CD74C /* Storyboard */ = {
			isa = PBXGroup;
			children = (
				18C9BF262E29144400DA454D /* Main.storyboard */,
			);
			path = Storyboard;
			sourceTree = "<group>";
		};
		18C9BF142E29144300DA454D = {
			isa = PBXGroup;
			children = (
				18C9BF1F2E29144300DA454D /* Brandy */,
				18C9BF362E29144600DA454D /* BrandyTests */,
				18C9BF402E29144600DA454D /* BrandyUITests */,
				18C9BF1E2E29144300DA454D /* Products */,
				AA32B1A60DA02FA188E102D3 /* Pods */,
				A24006DCCBA8A6E8D3D4346F /* Frameworks */,
			);
			sourceTree = "<group>";
		};
		18C9BF1E2E29144300DA454D /* Products */ = {
			isa = PBXGroup;
			children = (
				18C9BF1D2E29144300DA454D /* Brandy.app */,
				18C9BF332E29144600DA454D /* BrandyTests.xctest */,
				18C9BF3D2E29144600DA454D /* BrandyUITests.xctest */,
			);
			name = Products;
			sourceTree = "<group>";
		};
		18C9BF1F2E29144300DA454D /* Brandy */ = {
			isa = PBXGroup;
			children = (
				1830F82D2E2A35C3006CD74C /* Assets.xcassets */,
				1830F8292E2A32C6006CD74C /* Media.xcassets */,
				1830F80B2E2A209E006CD74C /* Base */,
				1830F8062E2A1BCF006CD74C /* Scenes */,
				1830F7FA2E2A1867006CD74C /* Helper */,
				1830F8192E2A2A8C006CD74C /* NetworkLayer */,
				18C9BF2E2E29144500DA454D /* Info.plist */,
			);
			path = Brandy;
			sourceTree = "<group>";
		};
		18C9BF362E29144600DA454D /* BrandyTests */ = {
			isa = PBXGroup;
			children = (
				18C9BF372E29144600DA454D /* BrandyTests.swift */,
			);
			path = BrandyTests;
			sourceTree = "<group>";
		};
		18C9BF402E29144600DA454D /* BrandyUITests */ = {
			isa = PBXGroup;
			children = (
				18C9BF412E29144600DA454D /* BrandyUITests.swift */,
				18C9BF432E29144600DA454D /* BrandyUITestsLaunchTests.swift */,
			);
			path = BrandyUITests;
			sourceTree = "<group>";
		};
		A24006DCCBA8A6E8D3D4346F /* Frameworks */ = {
			isa = PBXGroup;
			children = (
				9358EFB61A92A38E31DD47FB /* Pods_Brandy.framework */,
				924C9F2EFE7E6BF77D1A5FC6 /* Pods_Brandy_BrandyUITests.framework */,
				0731EFF94C60A73F8319F506 /* Pods_BrandyTests.framework */,
			);
			name = Frameworks;
			sourceTree = "<group>";
		};
		AA32B1A60DA02FA188E102D3 /* Pods */ = {
			isa = PBXGroup;
			children = (
				0DE3C7AC44E003E86D55E84F /* Pods-Brandy.debug.xcconfig */,
				CFE9BF8D96955CA0C69DC5D1 /* Pods-Brandy.release.xcconfig */,
				2A92ECC290895EC7896F774F /* Pods-Brandy-BrandyUITests.debug.xcconfig */,
				6A01064B709956F2EE6F951B /* Pods-Brandy-BrandyUITests.release.xcconfig */,
				4D6458FF65FE09985D608558 /* Pods-BrandyTests.debug.xcconfig */,
				FAE6FCA9D50BFE46AC01CC70 /* Pods-BrandyTests.release.xcconfig */,
			);
			path = Pods;
			sourceTree = "<group>";
		};
/* End PBXGroup section */

/* Begin PBXNativeTarget section */
		18C9BF1C2E29144300DA454D /* Brandy */ = {
			isa = PBXNativeTarget;
			buildConfigurationList = 18C9BF472E29144600DA454D /* Build configuration list for PBXNativeTarget "Brandy" */;
			buildPhases = (
				5B8C599FDDC14146A786B66E /* [CP] Check Pods Manifest.lock */,
				18C9BF192E29144300DA454D /* Sources */,
				18C9BF1A2E29144300DA454D /* Frameworks */,
				18C9BF1B2E29144300DA454D /* Resources */,
				A36F4D9C1075325A3EB0C521 /* [CP] Embed Pods Frameworks */,
			);
			buildRules = (
			);
			dependencies = (
			);
			name = Brandy;
			packageProductDependencies = (
				18C9BF512E29157100DA454D /* SDWebImage */,
				18C9BF542E29158B00DA454D /* Alamofire */,
			);
			productName = Brandy;
			productReference = 18C9BF1D2E29144300DA454D /* Brandy.app */;
			productType = "com.apple.product-type.application";
		};
		18C9BF322E29144600DA454D /* BrandyTests */ = {
			isa = PBXNativeTarget;
			buildConfigurationList = 18C9BF4A2E29144600DA454D /* Build configuration list for PBXNativeTarget "BrandyTests" */;
			buildPhases = (
				388D480597B49A8CC5251CEE /* [CP] Check Pods Manifest.lock */,
				18C9BF2F2E29144600DA454D /* Sources */,
				18C9BF302E29144600DA454D /* Frameworks */,
				18C9BF312E29144600DA454D /* Resources */,
			);
			buildRules = (
			);
			dependencies = (
				18C9BF352E29144600DA454D /* PBXTargetDependency */,
			);
			name = BrandyTests;
			productName = BrandyTests;
			productReference = 18C9BF332E29144600DA454D /* BrandyTests.xctest */;
			productType = "com.apple.product-type.bundle.unit-test";
		};
		18C9BF3C2E29144600DA454D /* BrandyUITests */ = {
			isa = PBXNativeTarget;
			buildConfigurationList = 18C9BF4D2E29144600DA454D /* Build configuration list for PBXNativeTarget "BrandyUITests" */;
			buildPhases = (
				4D9F35BEB07C2C4DA20881B6 /* [CP] Check Pods Manifest.lock */,
				18C9BF392E29144600DA454D /* Sources */,
				18C9BF3A2E29144600DA454D /* Frameworks */,
				18C9BF3B2E29144600DA454D /* Resources */,
				B4025CD224D3C202BFB23ACF /* [CP] Embed Pods Frameworks */,
			);
			buildRules = (
			);
			dependencies = (
				18C9BF3F2E29144600DA454D /* PBXTargetDependency */,
			);
			name = BrandyUITests;
			productName = BrandyUITests;
			productReference = 18C9BF3D2E29144600DA454D /* BrandyUITests.xctest */;
			productType = "com.apple.product-type.bundle.ui-testing";
		};
/* End PBXNativeTarget section */

/* Begin PBXProject section */
		18C9BF152E29144300DA454D /* Project object */ = {
			isa = PBXProject;
			attributes = {
				BuildIndependentTargetsInParallel = 1;
				LastSwiftUpdateCheck = 1530;
				LastUpgradeCheck = 1530;
				TargetAttributes = {
					18C9BF1C2E29144300DA454D = {
						CreatedOnToolsVersion = 15.3;
					};
					18C9BF322E29144600DA454D = {
						CreatedOnToolsVersion = 15.3;
						TestTargetID = 18C9BF1C2E29144300DA454D;
					};
					18C9BF3C2E29144600DA454D = {
						CreatedOnToolsVersion = 15.3;
						TestTargetID = 18C9BF1C2E29144300DA454D;
					};
				};
			};
			buildConfigurationList = 18C9BF182E29144300DA454D /* Build configuration list for PBXProject "Brandy" */;
			compatibilityVersion = "Xcode 14.0";
			developmentRegion = en;
			hasScannedForEncodings = 0;
			knownRegions = (
				en,
				Base,
			);
			mainGroup = 18C9BF142E29144300DA454D;
			packageReferences = (
				18C9BF502E29157100DA454D /* XCRemoteSwiftPackageReference "SDWebImage" */,
				18C9BF532E29158B00DA454D /* XCRemoteSwiftPackageReference "Alamofire" */,
			);
			productRefGroup = 18C9BF1E2E29144300DA454D /* Products */;
			projectDirPath = "";
			projectRoot = "";
			targets = (
				18C9BF1C2E29144300DA454D /* Brandy */,
				18C9BF322E29144600DA454D /* BrandyTests */,
				18C9BF3C2E29144600DA454D /* BrandyUITests */,
			);
		};
/* End PBXProject section */

/* Begin PBXResourcesBuildPhase section */
		18C9BF1B2E29144300DA454D /* Resources */ = {
			isa = PBXResourcesBuildPhase;
			buildActionMask = 2147483647;
			files = (
				18C9BF2D2E29144500DA454D /* Base in Resources */,
				1830F82A2E2A32C6006CD74C /* Media.xcassets in Resources */,
				1830F82E2E2A35C3006CD74C /* Assets.xcassets in Resources */,
				18C9BF282E29144400DA454D /* Base in Resources */,
			);
			runOnlyForDeploymentPostprocessing = 0;
		};
		18C9BF312E29144600DA454D /* Resources */ = {
			isa = PBXResourcesBuildPhase;
			buildActionMask = 2147483647;
			files = (
			);
			runOnlyForDeploymentPostprocessing = 0;
		};
		18C9BF3B2E29144600DA454D /* Resources */ = {
			isa = PBXResourcesBuildPhase;
			buildActionMask = 2147483647;
			files = (
			);
			runOnlyForDeploymentPostprocessing = 0;
		};
/* End PBXResourcesBuildPhase section */

/* Begin PBXShellScriptBuildPhase section */
		388D480597B49A8CC5251CEE /* [CP] Check Pods Manifest.lock */ = {
			isa = PBXShellScriptBuildPhase;
			buildActionMask = 2147483647;
			files = (
			);
			inputFileListPaths = (
			);
			inputPaths = (
				"${PODS_PODFILE_DIR_PATH}/Podfile.lock",
				"${PODS_ROOT}/Manifest.lock",
			);
			name = "[CP] Check Pods Manifest.lock";
			outputFileListPaths = (
			);
			outputPaths = (
				"$(DERIVED_FILE_DIR)/Pods-BrandyTests-checkManifestLockResult.txt",
			);
			runOnlyForDeploymentPostprocessing = 0;
			shellPath = /bin/sh;
			shellScript = "diff \"${PODS_PODFILE_DIR_PATH}/Podfile.lock\" \"${PODS_ROOT}/Manifest.lock\" > /dev/null\nif [ $? != 0 ] ; then\n    # print error to STDERR\n    echo \"error: The sandbox is not in sync with the Podfile.lock. Run 'pod install' or update your CocoaPods installation.\" >&2\n    exit 1\nfi\n# This output is used by Xcode 'outputs' to avoid re-running this script phase.\necho \"SUCCESS\" > \"${SCRIPT_OUTPUT_FILE_0}\"\n";
			showEnvVarsInLog = 0;
		};
		4D9F35BEB07C2C4DA20881B6 /* [CP] Check Pods Manifest.lock */ = {
			isa = PBXShellScriptBuildPhase;
			buildActionMask = 2147483647;
			files = (
			);
			inputFileListPaths = (
			);
			inputPaths = (
				"${PODS_PODFILE_DIR_PATH}/Podfile.lock",
				"${PODS_ROOT}/Manifest.lock",
			);
			name = "[CP] Check Pods Manifest.lock";
			outputFileListPaths = (
			);
			outputPaths = (
				"$(DERIVED_FILE_DIR)/Pods-Brandy-BrandyUITests-checkManifestLockResult.txt",
			);
			runOnlyForDeploymentPostprocessing = 0;
			shellPath = /bin/sh;
			shellScript = "diff \"${PODS_PODFILE_DIR_PATH}/Podfile.lock\" \"${PODS_ROOT}/Manifest.lock\" > /dev/null\nif [ $? != 0 ] ; then\n    # print error to STDERR\n    echo \"error: The sandbox is not in sync with the Podfile.lock. Run 'pod install' or update your CocoaPods installation.\" >&2\n    exit 1\nfi\n# This output is used by Xcode 'outputs' to avoid re-running this script phase.\necho \"SUCCESS\" > \"${SCRIPT_OUTPUT_FILE_0}\"\n";
			showEnvVarsInLog = 0;
		};
		5B8C599FDDC14146A786B66E /* [CP] Check Pods Manifest.lock */ = {
			isa = PBXShellScriptBuildPhase;
			buildActionMask = 2147483647;
			files = (
			);
			inputFileListPaths = (
			);
			inputPaths = (
				"${PODS_PODFILE_DIR_PATH}/Podfile.lock",
				"${PODS_ROOT}/Manifest.lock",
			);
			name = "[CP] Check Pods Manifest.lock";
			outputFileListPaths = (
			);
			outputPaths = (
				"$(DERIVED_FILE_DIR)/Pods-Brandy-checkManifestLockResult.txt",
			);
			runOnlyForDeploymentPostprocessing = 0;
			shellPath = /bin/sh;
			shellScript = "diff \"${PODS_PODFILE_DIR_PATH}/Podfile.lock\" \"${PODS_ROOT}/Manifest.lock\" > /dev/null\nif [ $? != 0 ] ; then\n    # print error to STDERR\n    echo \"error: The sandbox is not in sync with the Podfile.lock. Run 'pod install' or update your CocoaPods installation.\" >&2\n    exit 1\nfi\n# This output is used by Xcode 'outputs' to avoid re-running this script phase.\necho \"SUCCESS\" > \"${SCRIPT_OUTPUT_FILE_0}\"\n";
			showEnvVarsInLog = 0;
		};
		A36F4D9C1075325A3EB0C521 /* [CP] Embed Pods Frameworks */ = {
			isa = PBXShellScriptBuildPhase;
			buildActionMask = 2147483647;
			files = (
			);
			inputFileListPaths = (
				"${PODS_ROOT}/Target Support Files/Pods-Brandy/Pods-Brandy-frameworks-${CONFIGURATION}-input-files.xcfilelist",
			);
			inputPaths = (
			);
			name = "[CP] Embed Pods Frameworks";
			outputFileListPaths = (
				"${PODS_ROOT}/Target Support Files/Pods-Brandy/Pods-Brandy-frameworks-${CONFIGURATION}-output-files.xcfilelist",
			);
			outputPaths = (
			);
			runOnlyForDeploymentPostprocessing = 0;
			shellPath = /bin/sh;
			shellScript = "\"${PODS_ROOT}/Target Support Files/Pods-Brandy/Pods-Brandy-frameworks.sh\"\n";
			showEnvVarsInLog = 0;
		};
		B4025CD224D3C202BFB23ACF /* [CP] Embed Pods Frameworks */ = {
			isa = PBXShellScriptBuildPhase;
			buildActionMask = 2147483647;
			files = (
			);
			inputFileListPaths = (
				"${PODS_ROOT}/Target Support Files/Pods-Brandy-BrandyUITests/Pods-Brandy-BrandyUITests-frameworks-${CONFIGURATION}-input-files.xcfilelist",
			);
			inputPaths = (
			);
			name = "[CP] Embed Pods Frameworks";
			outputFileListPaths = (
				"${PODS_ROOT}/Target Support Files/Pods-Brandy-BrandyUITests/Pods-Brandy-BrandyUITests-frameworks-${CONFIGURATION}-output-files.xcfilelist",
			);
			outputPaths = (
			);
			runOnlyForDeploymentPostprocessing = 0;
			shellPath = /bin/sh;
			shellScript = "\"${PODS_ROOT}/Target Support Files/Pods-Brandy-BrandyUITests/Pods-Brandy-BrandyUITests-frameworks.sh\"\n";
			showEnvVarsInLog = 0;
		};
/* End PBXShellScriptBuildPhase section */

/* Begin PBXSourcesBuildPhase section */
		18C9BF192E29144300DA454D /* Sources */ = {
			isa = PBXSourcesBuildPhase;
			buildActionMask = 2147483647;
			files = (
				1830F8132E2A23DB006CD74C /* Color+Extention.swift in Sources */,
				18C9BF252E29144400DA454D /* ViewController.swift in Sources */,
				1830F8052E2A1A3C006CD74C /* TableView+EXT.swift in Sources */,
				18C9BF212E29144400DA454D /* AppDelegate.swift in Sources */,
				1830F8012E2A1963006CD74C /* AlertView.swift in Sources */,
				1830F8032E2A1963006CD74C /* ViewController+EXT.swift in Sources */,
				18C9BF232E29144400DA454D /* SceneDelegate.swift in Sources */,
				1830F81D2E2A2B1D006CD74C /* URLs.swift in Sources */,
				1830F81E2E2A2B1D006CD74C /* ErrorModel.swift in Sources */,
				1830F81F2E2A2B1D006CD74C /* Request.swift in Sources */,
				1830F80A2E2A1FFD006CD74C /* UIStoryboard.swift in Sources */,
			);
			runOnlyForDeploymentPostprocessing = 0;
		};
		18C9BF2F2E29144600DA454D /* Sources */ = {
			isa = PBXSourcesBuildPhase;
			buildActionMask = 2147483647;
			files = (
				18C9BF382E29144600DA454D /* BrandyTests.swift in Sources */,
			);
			runOnlyForDeploymentPostprocessing = 0;
		};
		18C9BF392E29144600DA454D /* Sources */ = {
			isa = PBXSourcesBuildPhase;
			buildActionMask = 2147483647;
			files = (
				18C9BF442E29144600DA454D /* BrandyUITestsLaunchTests.swift in Sources */,
				18C9BF422E29144600DA454D /* BrandyUITests.swift in Sources */,
			);
			runOnlyForDeploymentPostprocessing = 0;
		};
/* End PBXSourcesBuildPhase section */

/* Begin PBXTargetDependency section */
		18C9BF352E29144600DA454D /* PBXTargetDependency */ = {
			isa = PBXTargetDependency;
			target = 18C9BF1C2E29144300DA454D /* Brandy */;
			targetProxy = 18C9BF342E29144600DA454D /* PBXContainerItemProxy */;
		};
		18C9BF3F2E29144600DA454D /* PBXTargetDependency */ = {
			isa = PBXTargetDependency;
			target = 18C9BF1C2E29144300DA454D /* Brandy */;
			targetProxy = 18C9BF3E2E29144600DA454D /* PBXContainerItemProxy */;
		};
/* End PBXTargetDependency section */

/* Begin PBXVariantGroup section */
		18C9BF262E29144400DA454D /* Main.storyboard */ = {
			isa = PBXVariantGroup;
			children = (
				18C9BF272E29144400DA454D /* Base */,
			);
			name = Main.storyboard;
			sourceTree = "<group>";
		};
		18C9BF2B2E29144500DA454D /* LaunchScreen.storyboard */ = {
			isa = PBXVariantGroup;
			children = (
				18C9BF2C2E29144500DA454D /* Base */,
			);
			name = LaunchScreen.storyboard;
			sourceTree = "<group>";
		};
/* End PBXVariantGroup section */

/* Begin XCBuildConfiguration section */
		18C9BF452E29144600DA454D /* Debug */ = {
			isa = XCBuildConfiguration;
			buildSettings = {
				ALWAYS_SEARCH_USER_PATHS = NO;
				ASSETCATALOG_COMPILER_GENERATE_SWIFT_ASSET_SYMBOL_EXTENSIONS = YES;
				CLANG_ANALYZER_NONNULL = YES;
				CLANG_ANALYZER_NUMBER_OBJECT_CONVERSION = YES_AGGRESSIVE;
				CLANG_CXX_LANGUAGE_STANDARD = "gnu++20";
				CLANG_ENABLE_MODULES = YES;
				CLANG_ENABLE_OBJC_ARC = YES;
				CLANG_ENABLE_OBJC_WEAK = YES;
				CLANG_WARN_BLOCK_CAPTURE_AUTORELEASING = YES;
				CLANG_WARN_BOOL_CONVERSION = YES;
				CLANG_WARN_COMMA = YES;
				CLANG_WARN_CONSTANT_CONVERSION = YES;
				CLANG_WARN_DEPRECATED_OBJC_IMPLEMENTATIONS = YES;
				CLANG_WARN_DIRECT_OBJC_ISA_USAGE = YES_ERROR;
				CLANG_WARN_DOCUMENTATION_COMMENTS = YES;
				CLANG_WARN_EMPTY_BODY = YES;
				CLANG_WARN_ENUM_CONVERSION = YES;
				CLANG_WARN_INFINITE_RECURSION = YES;
				CLANG_WARN_INT_CONVERSION = YES;
				CLANG_WARN_NON_LITERAL_NULL_CONVERSION = YES;
				CLANG_WARN_OBJC_IMPLICIT_RETAIN_SELF = YES;
				CLANG_WARN_OBJC_LITERAL_CONVERSION = YES;
				CLANG_WARN_OBJC_ROOT_CLASS = YES_ERROR;
				CLANG_WARN_QUOTED_INCLUDE_IN_FRAMEWORK_HEADER = YES;
				CLANG_WARN_RANGE_LOOP_ANALYSIS = YES;
				CLANG_WARN_STRICT_PROTOTYPES = YES;
				CLANG_WARN_SUSPICIOUS_MOVE = YES;
				CLANG_WARN_UNGUARDED_AVAILABILITY = YES_AGGRESSIVE;
				CLANG_WARN_UNREACHABLE_CODE = YES;
				CLANG_WARN__DUPLICATE_METHOD_MATCH = YES;
				COPY_PHASE_STRIP = NO;
				DEBUG_INFORMATION_FORMAT = dwarf;
				ENABLE_STRICT_OBJC_MSGSEND = YES;
				ENABLE_TESTABILITY = YES;
				ENABLE_USER_SCRIPT_SANDBOXING = NO;
				GCC_C_LANGUAGE_STANDARD = gnu17;
				GCC_DYNAMIC_NO_PIC = NO;
				GCC_NO_COMMON_BLOCKS = YES;
				GCC_OPTIMIZATION_LEVEL = 0;
				GCC_PREPROCESSOR_DEFINITIONS = (
					"DEBUG=1",
					"$(inherited)",
				);
				GCC_WARN_64_TO_32_BIT_CONVERSION = YES;
				GCC_WARN_ABOUT_RETURN_TYPE = YES_ERROR;
				GCC_WARN_UNDECLARED_SELECTOR = YES;
				GCC_WARN_UNINITIALIZED_AUTOS = YES_AGGRESSIVE;
				GCC_WARN_UNUSED_FUNCTION = YES;
				GCC_WARN_UNUSED_VARIABLE = YES;
				IPHONEOS_DEPLOYMENT_TARGET = 17.4;
				LOCALIZATION_PREFERS_STRING_CATALOGS = YES;
				MTL_ENABLE_DEBUG_INFO = INCLUDE_SOURCE;
				MTL_FAST_MATH = YES;
				ONLY_ACTIVE_ARCH = YES;
				SDKROOT = iphoneos;
				SWIFT_ACTIVE_COMPILATION_CONDITIONS = "DEBUG $(inherited)";
				SWIFT_OPTIMIZATION_LEVEL = "-Onone";
			};
			name = Debug;
		};
		18C9BF462E29144600DA454D /* Release */ = {
			isa = XCBuildConfiguration;
			buildSettings = {
				ALWAYS_SEARCH_USER_PATHS = NO;
				ASSETCATALOG_COMPILER_GENERATE_SWIFT_ASSET_SYMBOL_EXTENSIONS = YES;
				CLANG_ANALYZER_NONNULL = YES;
				CLANG_ANALYZER_NUMBER_OBJECT_CONVERSION = YES_AGGRESSIVE;
				CLANG_CXX_LANGUAGE_STANDARD = "gnu++20";
				CLANG_ENABLE_MODULES = YES;
				CLANG_ENABLE_OBJC_ARC = YES;
				CLANG_ENABLE_OBJC_WEAK = YES;
				CLANG_WARN_BLOCK_CAPTURE_AUTORELEASING = YES;
				CLANG_WARN_BOOL_CONVERSION = YES;
				CLANG_WARN_COMMA = YES;
				CLANG_WARN_CONSTANT_CONVERSION = YES;
				CLANG_WARN_DEPRECATED_OBJC_IMPLEMENTATIONS = YES;
				CLANG_WARN_DIRECT_OBJC_ISA_USAGE = YES_ERROR;
				CLANG_WARN_DOCUMENTATION_COMMENTS = YES;
				CLANG_WARN_EMPTY_BODY = YES;
				CLANG_WARN_ENUM_CONVERSION = YES;
				CLANG_WARN_INFINITE_RECURSION = YES;
				CLANG_WARN_INT_CONVERSION = YES;
				CLANG_WARN_NON_LITERAL_NULL_CONVERSION = YES;
				CLANG_WARN_OBJC_IMPLICIT_RETAIN_SELF = YES;
				CLANG_WARN_OBJC_LITERAL_CONVERSION = YES;
				CLANG_WARN_OBJC_ROOT_CLASS = YES_ERROR;
				CLANG_WARN_QUOTED_INCLUDE_IN_FRAMEWORK_HEADER = YES;
				CLANG_WARN_RANGE_LOOP_ANALYSIS = YES;
				CLANG_WARN_STRICT_PROTOTYPES = YES;
				CLANG_WARN_SUSPICIOUS_MOVE = YES;
				CLANG_WARN_UNGUARDED_AVAILABILITY = YES_AGGRESSIVE;
				CLANG_WARN_UNREACHABLE_CODE = YES;
				CLANG_WARN__DUPLICATE_METHOD_MATCH = YES;
				COPY_PHASE_STRIP = NO;
				DEBUG_INFORMATION_FORMAT = "dwarf-with-dsym";
				ENABLE_NS_ASSERTIONS = NO;
				ENABLE_STRICT_OBJC_MSGSEND = YES;
				ENABLE_USER_SCRIPT_SANDBOXING = NO;
				GCC_C_LANGUAGE_STANDARD = gnu17;
				GCC_NO_COMMON_BLOCKS = YES;
				GCC_WARN_64_TO_32_BIT_CONVERSION = YES;
				GCC_WARN_ABOUT_RETURN_TYPE = YES_ERROR;
				GCC_WARN_UNDECLARED_SELECTOR = YES;
				GCC_WARN_UNINITIALIZED_AUTOS = YES_AGGRESSIVE;
				GCC_WARN_UNUSED_FUNCTION = YES;
				GCC_WARN_UNUSED_VARIABLE = YES;
				IPHONEOS_DEPLOYMENT_TARGET = 17.4;
				LOCALIZATION_PREFERS_STRING_CATALOGS = YES;
				MTL_ENABLE_DEBUG_INFO = NO;
				MTL_FAST_MATH = YES;
				SDKROOT = iphoneos;
				SWIFT_COMPILATION_MODE = wholemodule;
				VALIDATE_PRODUCT = YES;
			};
			name = Release;
		};
		18C9BF482E29144600DA454D /* Debug */ = {
			isa = XCBuildConfiguration;
			baseConfigurationReference = 0DE3C7AC44E003E86D55E84F /* Pods-Brandy.debug.xcconfig */;
			buildSettings = {
				ASSETCATALOG_COMPILER_APPICON_NAME = AppIcon;
				ASSETCATALOG_COMPILER_GLOBAL_ACCENT_COLOR_NAME = AccentColor;
				CODE_SIGN_STYLE = Automatic;
				CURRENT_PROJECT_VERSION = 1;
				DEVELOPMENT_TEAM = N95KH6NPX4;
				GENERATE_INFOPLIST_FILE = YES;
				INFOPLIST_FILE = Brandy/Info.plist;
				INFOPLIST_KEY_UIApplicationSupportsIndirectInputEvents = YES;
				INFOPLIST_KEY_UILaunchStoryboardName = LaunchScreen;
				INFOPLIST_KEY_UIMainStoryboardFile = Main;
				INFOPLIST_KEY_UISupportedInterfaceOrientations_iPad = "UIInterfaceOrientationPortrait UIInterfaceOrientationPortraitUpsideDown UIInterfaceOrientationLandscapeLeft UIInterfaceOrientationLandscapeRight";
				INFOPLIST_KEY_UISupportedInterfaceOrientations_iPhone = "UIInterfaceOrientationPortrait UIInterfaceOrientationLandscapeLeft UIInterfaceOrientationLandscapeRight";
				IPHONEOS_DEPLOYMENT_TARGET = 13.0;
				LD_RUNPATH_SEARCH_PATHS = (
					"$(inherited)",
					"@executable_path/Frameworks",
				);
				MARKETING_VERSION = 1.0;
				PRODUCT_BUNDLE_IDENTIFIER = com.Task.Brandy;
				PRODUCT_NAME = "$(TARGET_NAME)";
				SUPPORTED_PLATFORMS = "iphoneos iphonesimulator";
				SUPPORTS_MACCATALYST = NO;
				SUPPORTS_MAC_DESIGNED_FOR_IPHONE_IPAD = NO;
				SUPPORTS_XR_DESIGNED_FOR_IPHONE_IPAD = NO;
				SWIFT_EMIT_LOC_STRINGS = YES;
				SWIFT_VERSION = 5.0;
				TARGETED_DEVICE_FAMILY = 1;
			};
			name = Debug;
		};
		18C9BF492E29144600DA454D /* Release */ = {
			isa = XCBuildConfiguration;
			baseConfigurationReference = CFE9BF8D96955CA0C69DC5D1 /* Pods-Brandy.release.xcconfig */;
			buildSettings = {
				ASSETCATALOG_COMPILER_APPICON_NAME = AppIcon;
				ASSETCATALOG_COMPILER_GLOBAL_ACCENT_COLOR_NAME = AccentColor;
				CODE_SIGN_STYLE = Automatic;
				CURRENT_PROJECT_VERSION = 1;
				DEVELOPMENT_TEAM = N95KH6NPX4;
				GENERATE_INFOPLIST_FILE = YES;
				INFOPLIST_FILE = Brandy/Info.plist;
				INFOPLIST_KEY_UIApplicationSupportsIndirectInputEvents = YES;
				INFOPLIST_KEY_UILaunchStoryboardName = LaunchScreen;
				INFOPLIST_KEY_UIMainStoryboardFile = Main;
				INFOPLIST_KEY_UISupportedInterfaceOrientations_iPad = "UIInterfaceOrientationPortrait UIInterfaceOrientationPortraitUpsideDown UIInterfaceOrientationLandscapeLeft UIInterfaceOrientationLandscapeRight";
				INFOPLIST_KEY_UISupportedInterfaceOrientations_iPhone = "UIInterfaceOrientationPortrait UIInterfaceOrientationLandscapeLeft UIInterfaceOrientationLandscapeRight";
				IPHONEOS_DEPLOYMENT_TARGET = 13.0;
				LD_RUNPATH_SEARCH_PATHS = (
					"$(inherited)",
					"@executable_path/Frameworks",
				);
				MARKETING_VERSION = 1.0;
				PRODUCT_BUNDLE_IDENTIFIER = com.Task.Brandy;
				PRODUCT_NAME = "$(TARGET_NAME)";
				SUPPORTED_PLATFORMS = "iphoneos iphonesimulator";
				SUPPORTS_MACCATALYST = NO;
				SUPPORTS_MAC_DESIGNED_FOR_IPHONE_IPAD = NO;
				SUPPORTS_XR_DESIGNED_FOR_IPHONE_IPAD = NO;
				SWIFT_EMIT_LOC_STRINGS = YES;
				SWIFT_VERSION = 5.0;
				TARGETED_DEVICE_FAMILY = 1;
			};
			name = Release;
		};
		18C9BF4B2E29144600DA454D /* Debug */ = {
			isa = XCBuildConfiguration;
			baseConfigurationReference = 4D6458FF65FE09985D608558 /* Pods-BrandyTests.debug.xcconfig */;
			buildSettings = {
				ALWAYS_EMBED_SWIFT_STANDARD_LIBRARIES = YES;
				BUNDLE_LOADER = "$(TEST_HOST)";
				CODE_SIGN_STYLE = Automatic;
				CURRENT_PROJECT_VERSION = 1;
				DEVELOPMENT_TEAM = N95KH6NPX4;
				GENERATE_INFOPLIST_FILE = YES;
				IPHONEOS_DEPLOYMENT_TARGET = 17.4;
				MARKETING_VERSION = 1.0;
				PRODUCT_BUNDLE_IDENTIFIER = com.Task.BrandyTests;
				PRODUCT_NAME = "$(TARGET_NAME)";
				SWIFT_EMIT_LOC_STRINGS = NO;
				SWIFT_VERSION = 5.0;
				TARGETED_DEVICE_FAMILY = "1,2";
				TEST_HOST = "$(BUILT_PRODUCTS_DIR)/Brandy.app/$(BUNDLE_EXECUTABLE_FOLDER_PATH)/Brandy";
			};
			name = Debug;
		};
		18C9BF4C2E29144600DA454D /* Release */ = {
			isa = XCBuildConfiguration;
			baseConfigurationReference = FAE6FCA9D50BFE46AC01CC70 /* Pods-BrandyTests.release.xcconfig */;
			buildSettings = {
				ALWAYS_EMBED_SWIFT_STANDARD_LIBRARIES = YES;
				BUNDLE_LOADER = "$(TEST_HOST)";
				CODE_SIGN_STYLE = Automatic;
				CURRENT_PROJECT_VERSION = 1;
				DEVELOPMENT_TEAM = N95KH6NPX4;
				GENERATE_INFOPLIST_FILE = YES;
				IPHONEOS_DEPLOYMENT_TARGET = 17.4;
				MARKETING_VERSION = 1.0;
				PRODUCT_BUNDLE_IDENTIFIER = com.Task.BrandyTests;
				PRODUCT_NAME = "$(TARGET_NAME)";
				SWIFT_EMIT_LOC_STRINGS = NO;
				SWIFT_VERSION = 5.0;
				TARGETED_DEVICE_FAMILY = "1,2";
				TEST_HOST = "$(BUILT_PRODUCTS_DIR)/Brandy.app/$(BUNDLE_EXECUTABLE_FOLDER_PATH)/Brandy";
			};
			name = Release;
		};
		18C9BF4E2E29144600DA454D /* Debug */ = {
			isa = XCBuildConfiguration;
			baseConfigurationReference = 2A92ECC290895EC7896F774F /* Pods-Brandy-BrandyUITests.debug.xcconfig */;
			buildSettings = {
				ALWAYS_EMBED_SWIFT_STANDARD_LIBRARIES = YES;
				CODE_SIGN_STYLE = Automatic;
				CURRENT_PROJECT_VERSION = 1;
				DEVELOPMENT_TEAM = N95KH6NPX4;
				GENERATE_INFOPLIST_FILE = YES;
				MARKETING_VERSION = 1.0;
				PRODUCT_BUNDLE_IDENTIFIER = com.Task.BrandyUITests;
				PRODUCT_NAME = "$(TARGET_NAME)";
				SWIFT_EMIT_LOC_STRINGS = NO;
				SWIFT_VERSION = 5.0;
				TARGETED_DEVICE_FAMILY = "1,2";
				TEST_TARGET_NAME = Brandy;
			};
			name = Debug;
		};
		18C9BF4F2E29144600DA454D /* Release */ = {
			isa = XCBuildConfiguration;
			baseConfigurationReference = 6A01064B709956F2EE6F951B /* Pods-Brandy-BrandyUITests.release.xcconfig */;
			buildSettings = {
				ALWAYS_EMBED_SWIFT_STANDARD_LIBRARIES = YES;
				CODE_SIGN_STYLE = Automatic;
				CURRENT_PROJECT_VERSION = 1;
				DEVELOPMENT_TEAM = N95KH6NPX4;
				GENERATE_INFOPLIST_FILE = YES;
				MARKETING_VERSION = 1.0;
				PRODUCT_BUNDLE_IDENTIFIER = com.Task.BrandyUITests;
				PRODUCT_NAME = "$(TARGET_NAME)";
				SWIFT_EMIT_LOC_STRINGS = NO;
				SWIFT_VERSION = 5.0;
				TARGETED_DEVICE_FAMILY = "1,2";
				TEST_TARGET_NAME = Brandy;
			};
			name = Release;
		};
/* End XCBuildConfiguration section */

/* Begin XCConfigurationList section */
		18C9BF182E29144300DA454D /* Build configuration list for PBXProject "Brandy" */ = {
			isa = XCConfigurationList;
			buildConfigurations = (
				18C9BF452E29144600DA454D /* Debug */,
				18C9BF462E29144600DA454D /* Release */,
			);
			defaultConfigurationIsVisible = 0;
			defaultConfigurationName = Release;
		};
		18C9BF472E29144600DA454D /* Build configuration list for PBXNativeTarget "Brandy" */ = {
			isa = XCConfigurationList;
			buildConfigurations = (
				18C9BF482E29144600DA454D /* Debug */,
				18C9BF492E29144600DA454D /* Release */,
			);
			defaultConfigurationIsVisible = 0;
			defaultConfigurationName = Release;
		};
		18C9BF4A2E29144600DA454D /* Build configuration list for PBXNativeTarget "BrandyTests" */ = {
			isa = XCConfigurationList;
			buildConfigurations = (
				18C9BF4B2E29144600DA454D /* Debug */,
				18C9BF4C2E29144600DA454D /* Release */,
			);
			defaultConfigurationIsVisible = 0;
			defaultConfigurationName = Release;
		};
		18C9BF4D2E29144600DA454D /* Build configuration list for PBXNativeTarget "BrandyUITests" */ = {
			isa = XCConfigurationList;
			buildConfigurations = (
				18C9BF4E2E29144600DA454D /* Debug */,
				18C9BF4F2E29144600DA454D /* Release */,
			);
			defaultConfigurationIsVisible = 0;
			defaultConfigurationName = Release;
		};
/* End XCConfigurationList section */

/* Begin XCRemoteSwiftPackageReference section */
		18C9BF502E29157100DA454D /* XCRemoteSwiftPackageReference "SDWebImage" */ = {
			isa = XCRemoteSwiftPackageReference;
			repositoryURL = "https://github.com/SDWebImage/SDWebImage.git";
			requirement = {
				kind = upToNextMajorVersion;
				minimumVersion = 5.21.1;
			};
		};
		18C9BF532E29158B00DA454D /* XCRemoteSwiftPackageReference "Alamofire" */ = {
			isa = XCRemoteSwiftPackageReference;
			repositoryURL = "https://github.com/Alamofire/Alamofire.git";
			requirement = {
				kind = upToNextMajorVersion;
				minimumVersion = 5.10.2;
			};
		};
/* End XCRemoteSwiftPackageReference section */

/* Begin XCSwiftPackageProductDependency section */
		18C9BF512E29157100DA454D /* SDWebImage */ = {
			isa = XCSwiftPackageProductDependency;
			package = 18C9BF502E29157100DA454D /* XCRemoteSwiftPackageReference "SDWebImage" */;
			productName = SDWebImage;
		};
		18C9BF542E29158B00DA454D /* Alamofire */ = {
			isa = XCSwiftPackageProductDependency;
			package = 18C9BF532E29158B00DA454D /* XCRemoteSwiftPackageReference "Alamofire" */;
			productName = Alamofire;
		};
/* End XCSwiftPackageProductDependency section */
	};
	rootObject = 18C9BF152E29144300DA454D /* Project object */;
}
